
Microsoft Visual Studio Solution File, Format Version 12.00
# Visual Studio Version 17
VisualStudioVersion = 17.11.35312.102
MinimumVisualStudioVersion = 10.0.40219.1
Project("{FAE04EC0-301F-11D3-BF4B-00C04F79EFBC}") = "CeeBee_Back-End", "CeeBee_Back-End\CeeBee_Back-End.csproj", "{32DD9639-343E-4422-900A-CF1B3E5AE959}"
EndProject
Global
	GlobalSection(SolutionConfigurationPlatforms) = preSolution
		Debug|Any CPU = Debug|Any CPU
		Release|Any CPU = Release|Any CPU
	EndGlobalSection
	GlobalSection(ProjectConfigurationPlatforms) = postSolution
		{32DD9639-343E-4422-900A-CF1B3E5AE959}.Debug|Any CPU.ActiveCfg = Debug|Any CPU
		{32DD9639-343E-4422-900A-CF1B3E5AE959}.Debug|Any CPU.Build.0 = Debug|Any CPU
		{32DD9639-343E-4422-900A-CF1B3E5AE959}.Release|Any CPU.ActiveCfg = Release|Any CPU
		{32DD9639-343E-4422-900A-CF1B3E5AE959}.Release|Any CPU.Build.0 = Release|Any CPU
	EndGlobalSection
	GlobalSection(SolutionProperties) = preSolution
		HideSolutionNode = FALSE
	EndGlobalSection
	GlobalSection(ExtensibilityGlobals) = postSolution
		SolutionGuid = {43AB978F-E4E2-42D7-85B2-BC9026D55128}
	EndGlobalSection
EndGlobal
